
Microsoft Visual Studio Solution File, Format Version 12.00
# Visual Studio Version 16
VisualStudioVersion = 16.0.29230.47
MinimumVisualStudioVersion = 10.0.40219.1
Project("{FAE04EC0-301F-11D3-BF4B-00C04F79EFBC}") = "ESAssistant", "ESAssistant\ESAssistant.csproj", "{8E47A339-F187-4E38-8CBD-B2606DFD7761}"
EndProject
Global
	GlobalSection(SolutionConfigurationPlatforms) = preSolution
		Debug|Any CPU = Debug|Any CPU
		Release|Any CPU = Release|Any CPU
	EndGlobalSection
	GlobalSection(ProjectConfigurationPlatforms) = postSolution
		{8E47A339-F187-4E38-8CBD-B2606DFD7761}.Debug|Any CPU.ActiveCfg = Debug|Any CPU
		{8E47A339-F187-4E38-8CBD-B2606DFD7761}.Debug|Any CPU.Build.0 = Debug|Any CPU
		{8E47A339-F187-4E38-8CBD-B2606DFD7761}.Release|Any CPU.ActiveCfg = Release|Any CPU
		{8E47A339-F187-4E38-8CBD-B2606DFD7761}.Release|Any CPU.Build.0 = Release|Any CPU
	EndGlobalSection
	GlobalSection(SolutionProperties) = preSolution
		HideSolutionNode = FALSE
	EndGlobalSection
	GlobalSection(ExtensibilityGlobals) = postSolution
		SolutionGuid = {1ED841CC-C1A6-4657-A181-317C4CF188F8}
	EndGlobalSection
EndGlobal
